
Microsoft Visual Studio Solution File, Format Version 12.00
# Visual Studio Version 17
VisualStudioVersion = 17.2.32505.173
MinimumVisualStudioVersion = 10.0.40219.1
Project("{FAE04EC0-301F-11D3-BF4B-00C04F79EFBC}") = "OOps Concepts", "OOps Concepts\OOps Concepts.csproj", "{AB87CA78-BC8F-4AF9-A8B8-4487A07C2001}"
EndProject
Global
	GlobalSection(SolutionConfigurationPlatforms) = preSolution
		Debug|Any CPU = Debug|Any CPU
		Release|Any CPU = Release|Any CPU
	EndGlobalSection
	GlobalSection(ProjectConfigurationPlatforms) = postSolution
		{AB87CA78-BC8F-4AF9-A8B8-4487A07C2001}.Debug|Any CPU.ActiveCfg = Debug|Any CPU
		{AB87CA78-BC8F-4AF9-A8B8-4487A07C2001}.Debug|Any CPU.Build.0 = Debug|Any CPU
		{AB87CA78-BC8F-4AF9-A8B8-4487A07C2001}.Release|Any CPU.ActiveCfg = Release|Any CPU
		{AB87CA78-BC8F-4AF9-A8B8-4487A07C2001}.Release|Any CPU.Build.0 = Release|Any CPU
	EndGlobalSection
	GlobalSection(SolutionProperties) = preSolution
		HideSolutionNode = FALSE
	EndGlobalSection
	GlobalSection(ExtensibilityGlobals) = postSolution
		SolutionGuid = {F21F2ABE-D83B-40DC-BF4B-D5ADA476D65D}
	EndGlobalSection
EndGlobal
